
Microsoft Visual Studio Solution File, Format Version 12.00
# Visual Studio Version 16
VisualStudioVersion = 16.0.29201.188
MinimumVisualStudioVersion = 10.0.40219.1
Project("{2150E333-8FDC-42A3-9474-1A3956D46DE8}") = "Framework", "Framework", "{76A0ED33-0DA6-48F1-93F1-B43A2B2A178A}"
EndProject
Project("{2150E333-8FDC-42A3-9474-1A3956D46DE8}") = "BusinessServices", "BusinessServices", "{2E86F31E-C4DC-4E4D-9F7C-88AE934BF4A5}"
EndProject
Project("{2150E333-8FDC-42A3-9474-1A3956D46DE8}") = "BasicServices", "BasicServices", "{D6BC0F68-EED9-4A20-9BBC-6F9A8348DEF8}"
EndProject
Project("{9A19103F-16F7-4668-BE54-9A1E7A4F7556}") = "CommonService", "Framework\CommonService\CommonService.csproj", "{33336B99-14AB-402B-BCF3-BFB2FA65594D}"
EndProject
Project("{9A19103F-16F7-4668-BE54-9A1E7A4F7556}") = "ApiGateway", "Framework\ApiGateway\ApiGateway.csproj", "{D56D84A0-C2C8-4912-BB3C-04D5618B1EDE}"
EndProject
Project("{9A19103F-16F7-4668-BE54-9A1E7A4F7556}") = "AuthWeb", "Framework\AuthWeb\AuthWeb.csproj", "{C7B7B8DC-93D9-496D-AEFE-6A0D511B5D99}"
EndProject
Project("{FAE04EC0-301F-11D3-BF4B-00C04F79EFBC}") = "HostWeb", "Framework\HostWeb\HostWeb.csproj", "{77E7231A-2464-4470-8A2B-D23D31F502B4}"
EndProject
Project("{FAE04EC0-301F-11D3-BF4B-00C04F79EFBC}") = "AuthService", "BasicServices\AuthService\AuthService.csproj", "{36D462BE-25C7-43A4-9FFF-C18B25CFF607}"
EndProject
Project("{FAE04EC0-301F-11D3-BF4B-00C04F79EFBC}") = "PermissionService", "BasicServices\PermissionService\PermissionService.csproj", "{96E1D0B2-AF46-4423-9DF6-A6CD898F027C}"
EndProject
Global
	GlobalSection(SolutionConfigurationPlatforms) = preSolution
		Debug|Any CPU = Debug|Any CPU
		Release|Any CPU = Release|Any CPU
	EndGlobalSection
	GlobalSection(ProjectConfigurationPlatforms) = postSolution
		{33336B99-14AB-402B-BCF3-BFB2FA65594D}.Debug|Any CPU.ActiveCfg = Debug|Any CPU
		{33336B99-14AB-402B-BCF3-BFB2FA65594D}.Debug|Any CPU.Build.0 = Debug|Any CPU
		{33336B99-14AB-402B-BCF3-BFB2FA65594D}.Release|Any CPU.ActiveCfg = Release|Any CPU
		{33336B99-14AB-402B-BCF3-BFB2FA65594D}.Release|Any CPU.Build.0 = Release|Any CPU
		{D56D84A0-C2C8-4912-BB3C-04D5618B1EDE}.Debug|Any CPU.ActiveCfg = Debug|Any CPU
		{D56D84A0-C2C8-4912-BB3C-04D5618B1EDE}.Debug|Any CPU.Build.0 = Debug|Any CPU
		{D56D84A0-C2C8-4912-BB3C-04D5618B1EDE}.Release|Any CPU.ActiveCfg = Release|Any CPU
		{D56D84A0-C2C8-4912-BB3C-04D5618B1EDE}.Release|Any CPU.Build.0 = Release|Any CPU
		{C7B7B8DC-93D9-496D-AEFE-6A0D511B5D99}.Debug|Any CPU.ActiveCfg = Debug|Any CPU
		{C7B7B8DC-93D9-496D-AEFE-6A0D511B5D99}.Debug|Any CPU.Build.0 = Debug|Any CPU
		{C7B7B8DC-93D9-496D-AEFE-6A0D511B5D99}.Release|Any CPU.ActiveCfg = Release|Any CPU
		{C7B7B8DC-93D9-496D-AEFE-6A0D511B5D99}.Release|Any CPU.Build.0 = Release|Any CPU
		{77E7231A-2464-4470-8A2B-D23D31F502B4}.Debug|Any CPU.ActiveCfg = Debug|Any CPU
		{77E7231A-2464-4470-8A2B-D23D31F502B4}.Debug|Any CPU.Build.0 = Debug|Any CPU
		{77E7231A-2464-4470-8A2B-D23D31F502B4}.Release|Any CPU.ActiveCfg = Release|Any CPU
		{77E7231A-2464-4470-8A2B-D23D31F502B4}.Release|Any CPU.Build.0 = Release|Any CPU
		{36D462BE-25C7-43A4-9FFF-C18B25CFF607}.Debug|Any CPU.ActiveCfg = Debug|Any CPU
		{36D462BE-25C7-43A4-9FFF-C18B25CFF607}.Debug|Any CPU.Build.0 = Debug|Any CPU
		{36D462BE-25C7-43A4-9FFF-C18B25CFF607}.Release|Any CPU.ActiveCfg = Release|Any CPU
		{36D462BE-25C7-43A4-9FFF-C18B25CFF607}.Release|Any CPU.Build.0 = Release|Any CPU
		{96E1D0B2-AF46-4423-9DF6-A6CD898F027C}.Debug|Any CPU.ActiveCfg = Debug|Any CPU
		{96E1D0B2-AF46-4423-9DF6-A6CD898F027C}.Debug|Any CPU.Build.0 = Debug|Any CPU
		{96E1D0B2-AF46-4423-9DF6-A6CD898F027C}.Release|Any CPU.ActiveCfg = Release|Any CPU
		{96E1D0B2-AF46-4423-9DF6-A6CD898F027C}.Release|Any CPU.Build.0 = Release|Any CPU
	EndGlobalSection
	GlobalSection(SolutionProperties) = preSolution
		HideSolutionNode = FALSE
	EndGlobalSection
	GlobalSection(NestedProjects) = preSolution
		{33336B99-14AB-402B-BCF3-BFB2FA65594D} = {76A0ED33-0DA6-48F1-93F1-B43A2B2A178A}
		{D56D84A0-C2C8-4912-BB3C-04D5618B1EDE} = {76A0ED33-0DA6-48F1-93F1-B43A2B2A178A}
		{C7B7B8DC-93D9-496D-AEFE-6A0D511B5D99} = {76A0ED33-0DA6-48F1-93F1-B43A2B2A178A}
		{77E7231A-2464-4470-8A2B-D23D31F502B4} = {76A0ED33-0DA6-48F1-93F1-B43A2B2A178A}
		{36D462BE-25C7-43A4-9FFF-C18B25CFF607} = {D6BC0F68-EED9-4A20-9BBC-6F9A8348DEF8}
		{96E1D0B2-AF46-4423-9DF6-A6CD898F027C} = {D6BC0F68-EED9-4A20-9BBC-6F9A8348DEF8}
	EndGlobalSection
	GlobalSection(ExtensibilityGlobals) = postSolution
		SolutionGuid = {8EE6B471-0F9E-4BC9-80E1-2591688EEEA4}
	EndGlobalSection
EndGlobal
