
Microsoft Visual Studio Solution File, Format Version 12.00
# Visual Studio Version 16
VisualStudioVersion = 16.0.29201.188
MinimumVisualStudioVersion = 10.0.40219.1
Project("{2150E333-8FDC-42A3-9474-1A3956D46DE8}") = "Framework", "Framework", "{76A0ED33-0DA6-48F1-93F1-B43A2B2A178A}"
EndProject
Project("{2150E333-8FDC-42A3-9474-1A3956D46DE8}") = "BusinessServices", "BusinessServices", "{2E86F31E-C4DC-4E4D-9F7C-88AE934BF4A5}"
EndProject
Project("{2150E333-8FDC-42A3-9474-1A3956D46DE8}") = "BasicServices", "BasicServices", "{D6BC0F68-EED9-4A20-9BBC-6F9A8348DEF8}"
EndProject
Project("{9A19103F-16F7-4668-BE54-9A1E7A4F7556}") = "CommonService", "Framework\CommonService\CommonService.csproj", "{33336B99-14AB-402B-BCF3-BFB2FA65594D}"
EndProject
Project("{9A19103F-16F7-4668-BE54-9A1E7A4F7556}") = "ApiGateway", "Framework\ApiGateway\ApiGateway.csproj", "{D56D84A0-C2C8-4912-BB3C-04D5618B1EDE}"
EndProject
Project("{9A19103F-16F7-4668-BE54-9A1E7A4F7556}") = "AuthWeb", "Framework\AuthWeb\AuthWeb.csproj", "{C7B7B8DC-93D9-496D-AEFE-6A0D511B5D99}"
EndProject
Project("{FAE04EC0-301F-11D3-BF4B-00C04F79EFBC}") = "HostWeb", "Framework\HostWeb\HostWeb.csproj", "{77E7231A-2464-4470-8A2B-D23D31F502B4}"
EndProject
Project("{2150E333-8FDC-42A3-9474-1A3956D46DE8}") = "AuthService", "AuthService", "{48D44020-EB7E-4BC0-8419-974308CD4A70}"
EndProject
Project("{FAE04EC0-301F-11D3-BF4B-00C04F79EFBC}") = "AuthService.Api", "BasicServices\AuthService\AuthService.Api\AuthService.Api.csproj", "{72876C06-AAFE-43B8-A261-4FE7C732B6F5}"
EndProject
Project("{FAE04EC0-301F-11D3-BF4B-00C04F79EFBC}") = "AuthService.Application", "BasicServices\AuthService\AuthService.Application\AuthService.Application.csproj", "{BE19E6C8-47BC-48A0-8530-D186701C3A3A}"
EndProject
Project("{FAE04EC0-301F-11D3-BF4B-00C04F79EFBC}") = "AuthService.Domain", "BasicServices\AuthService\AuthService.Domain\AuthService.Domain.csproj", "{07E56919-B77A-4278-B2EE-10328D45B547}"
EndProject
Project("{2150E333-8FDC-42A3-9474-1A3956D46DE8}") = "PermissionService", "PermissionService", "{BEF51245-1D7B-4F93-8337-94765D266DA4}"
EndProject
Project("{2150E333-8FDC-42A3-9474-1A3956D46DE8}") = "MessageService", "MessageService", "{AC3BCD0E-5AD2-4A9E-920B-2C696FFA0446}"
EndProject
Project("{2150E333-8FDC-42A3-9474-1A3956D46DE8}") = "JobService", "JobService", "{49EAC42D-4632-4054-9394-9362D9A49FA4}"
EndProject
Project("{FAE04EC0-301F-11D3-BF4B-00C04F79EFBC}") = "PermissionService.Api", "BasicServices\PermissionService\PermissionService.Api\PermissionService.Api.csproj", "{0E2E9FCF-EBE6-4126-8603-BB837BFC94A5}"
EndProject
Project("{FAE04EC0-301F-11D3-BF4B-00C04F79EFBC}") = "PermissionService.Application", "BasicServices\PermissionService\PermissionService.Application\PermissionService.Application.csproj", "{D4CB765C-7791-4F20-998C-B0E1BDA70FCE}"
EndProject
Project("{FAE04EC0-301F-11D3-BF4B-00C04F79EFBC}") = "PermissionService.Domain", "BasicServices\PermissionService\PermissionService.Domain\PermissionService.Domain.csproj", "{D6D6B287-4003-4171-9966-CDBA50C4038C}"
EndProject
Project("{2150E333-8FDC-42A3-9474-1A3956D46DE8}") = "ProductService", "ProductService", "{B92C9740-C125-4B23-AF32-1EAC3A47CC36}"
EndProject
Project("{2150E333-8FDC-42A3-9474-1A3956D46DE8}") = "OrderingService", "OrderingService", "{A2E4BB1F-5AD2-4203-AF9B-21014C67402E}"
EndProject
Project("{2150E333-8FDC-42A3-9474-1A3956D46DE8}") = "InventoryService", "InventoryService", "{CE514026-2C30-415B-923A-292FE752F2E0}"
EndProject
Project("{FAE04EC0-301F-11D3-BF4B-00C04F79EFBC}") = "ProductService.Api", "BusinessServices\ProductService\ProductService.Api\ProductService.Api.csproj", "{3ADCF6B9-0F89-4AF2-85B8-DDA39ABA792C}"
EndProject
Project("{FAE04EC0-301F-11D3-BF4B-00C04F79EFBC}") = "ProductService.Application", "BusinessServices\ProductService\ProductService.Application\ProductService.Application.csproj", "{40AB760E-7191-46C0-9D5F-3A0CC6BE9888}"
EndProject
Project("{FAE04EC0-301F-11D3-BF4B-00C04F79EFBC}") = "ProductService.Domain", "BusinessServices\ProductService\ProductService.Domain\ProductService.Domain.csproj", "{771A4467-C14B-426A-9CC8-0FFD8A0840C4}"
EndProject
Project("{FAE04EC0-301F-11D3-BF4B-00C04F79EFBC}") = "OrderingService.Api", "BusinessServices\OrderingService\OrderingService.Api\OrderingService.Api.csproj", "{ADA2EC2C-992B-4E48-8518-50C8B3278BAA}"
EndProject
Project("{FAE04EC0-301F-11D3-BF4B-00C04F79EFBC}") = "OrderingService.Application", "BusinessServices\OrderingService\OrderingService.Application\OrderingService.Application.csproj", "{636E384A-5A3F-4703-873C-D668C84E8E4C}"
EndProject
Project("{FAE04EC0-301F-11D3-BF4B-00C04F79EFBC}") = "OrderingService.Domain", "BusinessServices\OrderingService\OrderingService.Domain\OrderingService.Domain.csproj", "{A66DD0DE-B3B3-49EB-BB07-260ABB226B6F}"
EndProject
Project("{FAE04EC0-301F-11D3-BF4B-00C04F79EFBC}") = "InventoryService.Api", "BusinessServices\InventoryService\InventoryService.Api\InventoryService.Api.csproj", "{53A788C1-C4A2-4D79-AADF-25574FA9E4E1}"
EndProject
Project("{FAE04EC0-301F-11D3-BF4B-00C04F79EFBC}") = "InventoryService.Application", "BusinessServices\InventoryService\InventoryService.Application\InventoryService.Application.csproj", "{F5E7CF3E-6C49-4EA6-8A8F-5593E9E974A0}"
EndProject
Project("{FAE04EC0-301F-11D3-BF4B-00C04F79EFBC}") = "InventoryService.Domain", "BusinessServices\InventoryService\InventoryService.Domain\InventoryService.Domain.csproj", "{FCC1F0A7-C939-4466-9B64-92BE652B41AC}"
EndProject
Global
	GlobalSection(SolutionConfigurationPlatforms) = preSolution
		Debug|Any CPU = Debug|Any CPU
		Release|Any CPU = Release|Any CPU
	EndGlobalSection
	GlobalSection(ProjectConfigurationPlatforms) = postSolution
		{33336B99-14AB-402B-BCF3-BFB2FA65594D}.Debug|Any CPU.ActiveCfg = Debug|Any CPU
		{33336B99-14AB-402B-BCF3-BFB2FA65594D}.Debug|Any CPU.Build.0 = Debug|Any CPU
		{33336B99-14AB-402B-BCF3-BFB2FA65594D}.Release|Any CPU.ActiveCfg = Release|Any CPU
		{33336B99-14AB-402B-BCF3-BFB2FA65594D}.Release|Any CPU.Build.0 = Release|Any CPU
		{D56D84A0-C2C8-4912-BB3C-04D5618B1EDE}.Debug|Any CPU.ActiveCfg = Debug|Any CPU
		{D56D84A0-C2C8-4912-BB3C-04D5618B1EDE}.Debug|Any CPU.Build.0 = Debug|Any CPU
		{D56D84A0-C2C8-4912-BB3C-04D5618B1EDE}.Release|Any CPU.ActiveCfg = Release|Any CPU
		{D56D84A0-C2C8-4912-BB3C-04D5618B1EDE}.Release|Any CPU.Build.0 = Release|Any CPU
		{C7B7B8DC-93D9-496D-AEFE-6A0D511B5D99}.Debug|Any CPU.ActiveCfg = Debug|Any CPU
		{C7B7B8DC-93D9-496D-AEFE-6A0D511B5D99}.Debug|Any CPU.Build.0 = Debug|Any CPU
		{C7B7B8DC-93D9-496D-AEFE-6A0D511B5D99}.Release|Any CPU.ActiveCfg = Release|Any CPU
		{C7B7B8DC-93D9-496D-AEFE-6A0D511B5D99}.Release|Any CPU.Build.0 = Release|Any CPU
		{77E7231A-2464-4470-8A2B-D23D31F502B4}.Debug|Any CPU.ActiveCfg = Debug|Any CPU
		{77E7231A-2464-4470-8A2B-D23D31F502B4}.Debug|Any CPU.Build.0 = Debug|Any CPU
		{77E7231A-2464-4470-8A2B-D23D31F502B4}.Release|Any CPU.ActiveCfg = Release|Any CPU
		{77E7231A-2464-4470-8A2B-D23D31F502B4}.Release|Any CPU.Build.0 = Release|Any CPU
		{72876C06-AAFE-43B8-A261-4FE7C732B6F5}.Debug|Any CPU.ActiveCfg = Debug|Any CPU
		{72876C06-AAFE-43B8-A261-4FE7C732B6F5}.Debug|Any CPU.Build.0 = Debug|Any CPU
		{72876C06-AAFE-43B8-A261-4FE7C732B6F5}.Release|Any CPU.ActiveCfg = Release|Any CPU
		{72876C06-AAFE-43B8-A261-4FE7C732B6F5}.Release|Any CPU.Build.0 = Release|Any CPU
		{BE19E6C8-47BC-48A0-8530-D186701C3A3A}.Debug|Any CPU.ActiveCfg = Debug|Any CPU
		{BE19E6C8-47BC-48A0-8530-D186701C3A3A}.Debug|Any CPU.Build.0 = Debug|Any CPU
		{BE19E6C8-47BC-48A0-8530-D186701C3A3A}.Release|Any CPU.ActiveCfg = Release|Any CPU
		{BE19E6C8-47BC-48A0-8530-D186701C3A3A}.Release|Any CPU.Build.0 = Release|Any CPU
		{07E56919-B77A-4278-B2EE-10328D45B547}.Debug|Any CPU.ActiveCfg = Debug|Any CPU
		{07E56919-B77A-4278-B2EE-10328D45B547}.Debug|Any CPU.Build.0 = Debug|Any CPU
		{07E56919-B77A-4278-B2EE-10328D45B547}.Release|Any CPU.ActiveCfg = Release|Any CPU
		{07E56919-B77A-4278-B2EE-10328D45B547}.Release|Any CPU.Build.0 = Release|Any CPU
		{0E2E9FCF-EBE6-4126-8603-BB837BFC94A5}.Debug|Any CPU.ActiveCfg = Debug|Any CPU
		{0E2E9FCF-EBE6-4126-8603-BB837BFC94A5}.Debug|Any CPU.Build.0 = Debug|Any CPU
		{0E2E9FCF-EBE6-4126-8603-BB837BFC94A5}.Release|Any CPU.ActiveCfg = Release|Any CPU
		{0E2E9FCF-EBE6-4126-8603-BB837BFC94A5}.Release|Any CPU.Build.0 = Release|Any CPU
		{D4CB765C-7791-4F20-998C-B0E1BDA70FCE}.Debug|Any CPU.ActiveCfg = Debug|Any CPU
		{D4CB765C-7791-4F20-998C-B0E1BDA70FCE}.Debug|Any CPU.Build.0 = Debug|Any CPU
		{D4CB765C-7791-4F20-998C-B0E1BDA70FCE}.Release|Any CPU.ActiveCfg = Release|Any CPU
		{D4CB765C-7791-4F20-998C-B0E1BDA70FCE}.Release|Any CPU.Build.0 = Release|Any CPU
		{D6D6B287-4003-4171-9966-CDBA50C4038C}.Debug|Any CPU.ActiveCfg = Debug|Any CPU
		{D6D6B287-4003-4171-9966-CDBA50C4038C}.Debug|Any CPU.Build.0 = Debug|Any CPU
		{D6D6B287-4003-4171-9966-CDBA50C4038C}.Release|Any CPU.ActiveCfg = Release|Any CPU
		{D6D6B287-4003-4171-9966-CDBA50C4038C}.Release|Any CPU.Build.0 = Release|Any CPU
		{3ADCF6B9-0F89-4AF2-85B8-DDA39ABA792C}.Debug|Any CPU.ActiveCfg = Debug|Any CPU
		{3ADCF6B9-0F89-4AF2-85B8-DDA39ABA792C}.Debug|Any CPU.Build.0 = Debug|Any CPU
		{3ADCF6B9-0F89-4AF2-85B8-DDA39ABA792C}.Release|Any CPU.ActiveCfg = Release|Any CPU
		{3ADCF6B9-0F89-4AF2-85B8-DDA39ABA792C}.Release|Any CPU.Build.0 = Release|Any CPU
		{40AB760E-7191-46C0-9D5F-3A0CC6BE9888}.Debug|Any CPU.ActiveCfg = Debug|Any CPU
		{40AB760E-7191-46C0-9D5F-3A0CC6BE9888}.Debug|Any CPU.Build.0 = Debug|Any CPU
		{40AB760E-7191-46C0-9D5F-3A0CC6BE9888}.Release|Any CPU.ActiveCfg = Release|Any CPU
		{40AB760E-7191-46C0-9D5F-3A0CC6BE9888}.Release|Any CPU.Build.0 = Release|Any CPU
		{771A4467-C14B-426A-9CC8-0FFD8A0840C4}.Debug|Any CPU.ActiveCfg = Debug|Any CPU
		{771A4467-C14B-426A-9CC8-0FFD8A0840C4}.Debug|Any CPU.Build.0 = Debug|Any CPU
		{771A4467-C14B-426A-9CC8-0FFD8A0840C4}.Release|Any CPU.ActiveCfg = Release|Any CPU
		{771A4467-C14B-426A-9CC8-0FFD8A0840C4}.Release|Any CPU.Build.0 = Release|Any CPU
		{ADA2EC2C-992B-4E48-8518-50C8B3278BAA}.Debug|Any CPU.ActiveCfg = Debug|Any CPU
		{ADA2EC2C-992B-4E48-8518-50C8B3278BAA}.Debug|Any CPU.Build.0 = Debug|Any CPU
		{ADA2EC2C-992B-4E48-8518-50C8B3278BAA}.Release|Any CPU.ActiveCfg = Release|Any CPU
		{ADA2EC2C-992B-4E48-8518-50C8B3278BAA}.Release|Any CPU.Build.0 = Release|Any CPU
		{636E384A-5A3F-4703-873C-D668C84E8E4C}.Debug|Any CPU.ActiveCfg = Debug|Any CPU
		{636E384A-5A3F-4703-873C-D668C84E8E4C}.Debug|Any CPU.Build.0 = Debug|Any CPU
		{636E384A-5A3F-4703-873C-D668C84E8E4C}.Release|Any CPU.ActiveCfg = Release|Any CPU
		{636E384A-5A3F-4703-873C-D668C84E8E4C}.Release|Any CPU.Build.0 = Release|Any CPU
		{A66DD0DE-B3B3-49EB-BB07-260ABB226B6F}.Debug|Any CPU.ActiveCfg = Debug|Any CPU
		{A66DD0DE-B3B3-49EB-BB07-260ABB226B6F}.Debug|Any CPU.Build.0 = Debug|Any CPU
		{A66DD0DE-B3B3-49EB-BB07-260ABB226B6F}.Release|Any CPU.ActiveCfg = Release|Any CPU
		{A66DD0DE-B3B3-49EB-BB07-260ABB226B6F}.Release|Any CPU.Build.0 = Release|Any CPU
		{53A788C1-C4A2-4D79-AADF-25574FA9E4E1}.Debug|Any CPU.ActiveCfg = Debug|Any CPU
		{53A788C1-C4A2-4D79-AADF-25574FA9E4E1}.Debug|Any CPU.Build.0 = Debug|Any CPU
		{53A788C1-C4A2-4D79-AADF-25574FA9E4E1}.Release|Any CPU.ActiveCfg = Release|Any CPU
		{53A788C1-C4A2-4D79-AADF-25574FA9E4E1}.Release|Any CPU.Build.0 = Release|Any CPU
		{F5E7CF3E-6C49-4EA6-8A8F-5593E9E974A0}.Debug|Any CPU.ActiveCfg = Debug|Any CPU
		{F5E7CF3E-6C49-4EA6-8A8F-5593E9E974A0}.Debug|Any CPU.Build.0 = Debug|Any CPU
		{F5E7CF3E-6C49-4EA6-8A8F-5593E9E974A0}.Release|Any CPU.ActiveCfg = Release|Any CPU
		{F5E7CF3E-6C49-4EA6-8A8F-5593E9E974A0}.Release|Any CPU.Build.0 = Release|Any CPU
		{FCC1F0A7-C939-4466-9B64-92BE652B41AC}.Debug|Any CPU.ActiveCfg = Debug|Any CPU
		{FCC1F0A7-C939-4466-9B64-92BE652B41AC}.Debug|Any CPU.Build.0 = Debug|Any CPU
		{FCC1F0A7-C939-4466-9B64-92BE652B41AC}.Release|Any CPU.ActiveCfg = Release|Any CPU
		{FCC1F0A7-C939-4466-9B64-92BE652B41AC}.Release|Any CPU.Build.0 = Release|Any CPU
	EndGlobalSection
	GlobalSection(SolutionProperties) = preSolution
		HideSolutionNode = FALSE
	EndGlobalSection
	GlobalSection(NestedProjects) = preSolution
		{33336B99-14AB-402B-BCF3-BFB2FA65594D} = {76A0ED33-0DA6-48F1-93F1-B43A2B2A178A}
		{D56D84A0-C2C8-4912-BB3C-04D5618B1EDE} = {76A0ED33-0DA6-48F1-93F1-B43A2B2A178A}
		{C7B7B8DC-93D9-496D-AEFE-6A0D511B5D99} = {76A0ED33-0DA6-48F1-93F1-B43A2B2A178A}
		{77E7231A-2464-4470-8A2B-D23D31F502B4} = {76A0ED33-0DA6-48F1-93F1-B43A2B2A178A}
		{48D44020-EB7E-4BC0-8419-974308CD4A70} = {D6BC0F68-EED9-4A20-9BBC-6F9A8348DEF8}
		{72876C06-AAFE-43B8-A261-4FE7C732B6F5} = {48D44020-EB7E-4BC0-8419-974308CD4A70}
		{BE19E6C8-47BC-48A0-8530-D186701C3A3A} = {48D44020-EB7E-4BC0-8419-974308CD4A70}
		{07E56919-B77A-4278-B2EE-10328D45B547} = {48D44020-EB7E-4BC0-8419-974308CD4A70}
		{BEF51245-1D7B-4F93-8337-94765D266DA4} = {D6BC0F68-EED9-4A20-9BBC-6F9A8348DEF8}
		{AC3BCD0E-5AD2-4A9E-920B-2C696FFA0446} = {D6BC0F68-EED9-4A20-9BBC-6F9A8348DEF8}
		{49EAC42D-4632-4054-9394-9362D9A49FA4} = {D6BC0F68-EED9-4A20-9BBC-6F9A8348DEF8}
		{0E2E9FCF-EBE6-4126-8603-BB837BFC94A5} = {BEF51245-1D7B-4F93-8337-94765D266DA4}
		{D4CB765C-7791-4F20-998C-B0E1BDA70FCE} = {BEF51245-1D7B-4F93-8337-94765D266DA4}
		{D6D6B287-4003-4171-9966-CDBA50C4038C} = {BEF51245-1D7B-4F93-8337-94765D266DA4}
		{B92C9740-C125-4B23-AF32-1EAC3A47CC36} = {2E86F31E-C4DC-4E4D-9F7C-88AE934BF4A5}
		{A2E4BB1F-5AD2-4203-AF9B-21014C67402E} = {2E86F31E-C4DC-4E4D-9F7C-88AE934BF4A5}
		{CE514026-2C30-415B-923A-292FE752F2E0} = {2E86F31E-C4DC-4E4D-9F7C-88AE934BF4A5}
		{3ADCF6B9-0F89-4AF2-85B8-DDA39ABA792C} = {B92C9740-C125-4B23-AF32-1EAC3A47CC36}
		{40AB760E-7191-46C0-9D5F-3A0CC6BE9888} = {B92C9740-C125-4B23-AF32-1EAC3A47CC36}
		{771A4467-C14B-426A-9CC8-0FFD8A0840C4} = {B92C9740-C125-4B23-AF32-1EAC3A47CC36}
		{ADA2EC2C-992B-4E48-8518-50C8B3278BAA} = {A2E4BB1F-5AD2-4203-AF9B-21014C67402E}
		{636E384A-5A3F-4703-873C-D668C84E8E4C} = {A2E4BB1F-5AD2-4203-AF9B-21014C67402E}
		{A66DD0DE-B3B3-49EB-BB07-260ABB226B6F} = {A2E4BB1F-5AD2-4203-AF9B-21014C67402E}
		{53A788C1-C4A2-4D79-AADF-25574FA9E4E1} = {CE514026-2C30-415B-923A-292FE752F2E0}
		{F5E7CF3E-6C49-4EA6-8A8F-5593E9E974A0} = {CE514026-2C30-415B-923A-292FE752F2E0}
		{FCC1F0A7-C939-4466-9B64-92BE652B41AC} = {CE514026-2C30-415B-923A-292FE752F2E0}
	EndGlobalSection
	GlobalSection(ExtensibilityGlobals) = postSolution
		SolutionGuid = {8EE6B471-0F9E-4BC9-80E1-2591688EEEA4}
	EndGlobalSection
EndGlobal
