
Microsoft Visual Studio Solution File, Format Version 12.00
# Visual Studio Version 16
VisualStudioVersion = 16.0.29201.188
MinimumVisualStudioVersion = 10.0.40219.1
Project("{2150E333-8FDC-42A3-9474-1A3956D46DE8}") = "Framework", "Framework", "{76A0ED33-0DA6-48F1-93F1-B43A2B2A178A}"
EndProject
Project("{2150E333-8FDC-42A3-9474-1A3956D46DE8}") = "BusinessServices", "BusinessServices", "{2E86F31E-C4DC-4E4D-9F7C-88AE934BF4A5}"
EndProject
Project("{2150E333-8FDC-42A3-9474-1A3956D46DE8}") = "BasicServices", "BasicServices", "{D6BC0F68-EED9-4A20-9BBC-6F9A8348DEF8}"
EndProject
Project("{9A19103F-16F7-4668-BE54-9A1E7A4F7556}") = "CommonService", "Framework\CommonService\CommonService.csproj", "{33336B99-14AB-402B-BCF3-BFB2FA65594D}"
EndProject
Project("{9A19103F-16F7-4668-BE54-9A1E7A4F7556}") = "ApiGateway", "Framework\ApiGateway\ApiGateway.csproj", "{D56D84A0-C2C8-4912-BB3C-04D5618B1EDE}"
EndProject
Project("{9A19103F-16F7-4668-BE54-9A1E7A4F7556}") = "AuthWeb", "Framework\AuthWeb\AuthWeb.csproj", "{C7B7B8DC-93D9-496D-AEFE-6A0D511B5D99}"
EndProject
Project("{9A19103F-16F7-4668-BE54-9A1E7A4F7556}") = "HostWeb", "Framework\HostWeb\HostWeb.csproj", "{77E7231A-2464-4470-8A2B-D23D31F502B4}"
EndProject
Project("{2150E333-8FDC-42A3-9474-1A3956D46DE8}") = "AuthService", "AuthService", "{48D44020-EB7E-4BC0-8419-974308CD4A70}"
EndProject
Project("{9A19103F-16F7-4668-BE54-9A1E7A4F7556}") = "AuthService.Api", "BasicServices\AuthService\AuthService.Api\AuthService.Api.csproj", "{72876C06-AAFE-43B8-A261-4FE7C732B6F5}"
EndProject
Project("{9A19103F-16F7-4668-BE54-9A1E7A4F7556}") = "AuthService.Application", "BasicServices\AuthService\AuthService.Application\AuthService.Application.csproj", "{BE19E6C8-47BC-48A0-8530-D186701C3A3A}"
EndProject
Project("{9A19103F-16F7-4668-BE54-9A1E7A4F7556}") = "AuthService.Domain", "BasicServices\AuthService\AuthService.Domain\AuthService.Domain.csproj", "{07E56919-B77A-4278-B2EE-10328D45B547}"
EndProject
Project("{2150E333-8FDC-42A3-9474-1A3956D46DE8}") = "PermissionService", "PermissionService", "{BEF51245-1D7B-4F93-8337-94765D266DA4}"
EndProject
Project("{2150E333-8FDC-42A3-9474-1A3956D46DE8}") = "MessageService", "MessageService", "{AC3BCD0E-5AD2-4A9E-920B-2C696FFA0446}"
EndProject
Project("{2150E333-8FDC-42A3-9474-1A3956D46DE8}") = "JobService", "JobService", "{49EAC42D-4632-4054-9394-9362D9A49FA4}"
EndProject
Project("{9A19103F-16F7-4668-BE54-9A1E7A4F7556}") = "PermissionService.Api", "BasicServices\PermissionService\PermissionService.Api\PermissionService.Api.csproj", "{0E2E9FCF-EBE6-4126-8603-BB837BFC94A5}"
EndProject
Project("{9A19103F-16F7-4668-BE54-9A1E7A4F7556}") = "PermissionService.Application", "BasicServices\PermissionService\PermissionService.Application\PermissionService.Application.csproj", "{D4CB765C-7791-4F20-998C-B0E1BDA70FCE}"
EndProject
Project("{9A19103F-16F7-4668-BE54-9A1E7A4F7556}") = "PermissionService.Domain", "BasicServices\PermissionService\PermissionService.Domain\PermissionService.Domain.csproj", "{D6D6B287-4003-4171-9966-CDBA50C4038C}"
EndProject
Project("{2150E333-8FDC-42A3-9474-1A3956D46DE8}") = "Product", "Product", "{B92C9740-C125-4B23-AF32-1EAC3A47CC36}"
EndProject
Project("{2150E333-8FDC-42A3-9474-1A3956D46DE8}") = "Ordering", "Ordering", "{A2E4BB1F-5AD2-4203-AF9B-21014C67402E}"
EndProject
Project("{2150E333-8FDC-42A3-9474-1A3956D46DE8}") = "Payment", "Payment", "{CE514026-2C30-415B-923A-292FE752F2E0}"
EndProject
Project("{9A19103F-16F7-4668-BE54-9A1E7A4F7556}") = "OrderingService.Domain", "BusinessServices\Ordering\OrderingService.Domain\OrderingService.Domain.csproj", "{A85DEEE0-E033-42B3-9B2E-2FA6969ADAD5}"
EndProject
Project("{9A19103F-16F7-4668-BE54-9A1E7A4F7556}") = "OrderingService.Application", "BusinessServices\Ordering\OrderingService.Application\OrderingService.Application.csproj", "{EBAA1CEC-8CD4-4F24-AD75-8DEA0AE9D4F9}"
EndProject
Project("{9A19103F-16F7-4668-BE54-9A1E7A4F7556}") = "OrderingService.Api", "BusinessServices\Ordering\OrderingService.Api\OrderingService.Api.csproj", "{BD69112C-8499-4DA1-9C8D-56CDB39FDECB}"
EndProject
Project("{9A19103F-16F7-4668-BE54-9A1E7A4F7556}") = "ProductService.Domain", "BusinessServices\Product\ProductService.Domain\ProductService.Domain.csproj", "{629E6184-7157-43A3-9564-588C5015FAEB}"
EndProject
Project("{9A19103F-16F7-4668-BE54-9A1E7A4F7556}") = "ProductService.Application", "BusinessServices\Product\ProductService.Application\ProductService.Application.csproj", "{1761D487-91EA-4C31-A6AE-D76294B691B2}"
EndProject
Project("{9A19103F-16F7-4668-BE54-9A1E7A4F7556}") = "ProductService.Api", "BusinessServices\Product\ProductService.Api\ProductService.Api.csproj", "{E3B449BA-94B0-4FA0-8134-C8F4BC16B591}"
EndProject
Project("{9A19103F-16F7-4668-BE54-9A1E7A4F7556}") = "PaymentService.Api", "BusinessServices\Payment\PaymentService.Api\PaymentService.Api.csproj", "{5CAE0F0D-3908-45DA-A4BD-B3E583D59C25}"
EndProject
Project("{9A19103F-16F7-4668-BE54-9A1E7A4F7556}") = "PaymentService.Application", "BusinessServices\Payment\PaymentService.Application\PaymentService.Application.csproj", "{44D58004-FAE4-418C-BA65-70E6550CE72B}"
EndProject
Project("{9A19103F-16F7-4668-BE54-9A1E7A4F7556}") = "PaymentService.Domain", "BusinessServices\Payment\PaymentService.Domain\PaymentService.Domain.csproj", "{A838232B-9D9D-4F55-95AD-B66B35474216}"
EndProject
Project("{2150E333-8FDC-42A3-9474-1A3956D46DE8}") = "Test", "Test", "{FD24E893-2DB2-40E0-822D-48821AE5A8BB}"
EndProject
Project("{FAE04EC0-301F-11D3-BF4B-00C04F79EFBC}") = "TestConsole", "Test\TestConsole\TestConsole.csproj", "{A13CA14C-5891-4998-8914-F4EA3CF63A92}"
EndProject
Global
	GlobalSection(SolutionConfigurationPlatforms) = preSolution
		Debug|Any CPU = Debug|Any CPU
		Release|Any CPU = Release|Any CPU
	EndGlobalSection
	GlobalSection(ProjectConfigurationPlatforms) = postSolution
		{33336B99-14AB-402B-BCF3-BFB2FA65594D}.Debug|Any CPU.ActiveCfg = Debug|Any CPU
		{33336B99-14AB-402B-BCF3-BFB2FA65594D}.Debug|Any CPU.Build.0 = Debug|Any CPU
		{33336B99-14AB-402B-BCF3-BFB2FA65594D}.Release|Any CPU.ActiveCfg = Release|Any CPU
		{33336B99-14AB-402B-BCF3-BFB2FA65594D}.Release|Any CPU.Build.0 = Release|Any CPU
		{D56D84A0-C2C8-4912-BB3C-04D5618B1EDE}.Debug|Any CPU.ActiveCfg = Debug|Any CPU
		{D56D84A0-C2C8-4912-BB3C-04D5618B1EDE}.Debug|Any CPU.Build.0 = Debug|Any CPU
		{D56D84A0-C2C8-4912-BB3C-04D5618B1EDE}.Release|Any CPU.ActiveCfg = Release|Any CPU
		{D56D84A0-C2C8-4912-BB3C-04D5618B1EDE}.Release|Any CPU.Build.0 = Release|Any CPU
		{C7B7B8DC-93D9-496D-AEFE-6A0D511B5D99}.Debug|Any CPU.ActiveCfg = Debug|Any CPU
		{C7B7B8DC-93D9-496D-AEFE-6A0D511B5D99}.Debug|Any CPU.Build.0 = Debug|Any CPU
		{C7B7B8DC-93D9-496D-AEFE-6A0D511B5D99}.Release|Any CPU.ActiveCfg = Release|Any CPU
		{C7B7B8DC-93D9-496D-AEFE-6A0D511B5D99}.Release|Any CPU.Build.0 = Release|Any CPU
		{77E7231A-2464-4470-8A2B-D23D31F502B4}.Debug|Any CPU.ActiveCfg = Debug|Any CPU
		{77E7231A-2464-4470-8A2B-D23D31F502B4}.Debug|Any CPU.Build.0 = Debug|Any CPU
		{77E7231A-2464-4470-8A2B-D23D31F502B4}.Release|Any CPU.ActiveCfg = Release|Any CPU
		{77E7231A-2464-4470-8A2B-D23D31F502B4}.Release|Any CPU.Build.0 = Release|Any CPU
		{72876C06-AAFE-43B8-A261-4FE7C732B6F5}.Debug|Any CPU.ActiveCfg = Debug|Any CPU
		{72876C06-AAFE-43B8-A261-4FE7C732B6F5}.Debug|Any CPU.Build.0 = Debug|Any CPU
		{72876C06-AAFE-43B8-A261-4FE7C732B6F5}.Release|Any CPU.ActiveCfg = Release|Any CPU
		{72876C06-AAFE-43B8-A261-4FE7C732B6F5}.Release|Any CPU.Build.0 = Release|Any CPU
		{BE19E6C8-47BC-48A0-8530-D186701C3A3A}.Debug|Any CPU.ActiveCfg = Debug|Any CPU
		{BE19E6C8-47BC-48A0-8530-D186701C3A3A}.Debug|Any CPU.Build.0 = Debug|Any CPU
		{BE19E6C8-47BC-48A0-8530-D186701C3A3A}.Release|Any CPU.ActiveCfg = Release|Any CPU
		{BE19E6C8-47BC-48A0-8530-D186701C3A3A}.Release|Any CPU.Build.0 = Release|Any CPU
		{07E56919-B77A-4278-B2EE-10328D45B547}.Debug|Any CPU.ActiveCfg = Debug|Any CPU
		{07E56919-B77A-4278-B2EE-10328D45B547}.Debug|Any CPU.Build.0 = Debug|Any CPU
		{07E56919-B77A-4278-B2EE-10328D45B547}.Release|Any CPU.ActiveCfg = Release|Any CPU
		{07E56919-B77A-4278-B2EE-10328D45B547}.Release|Any CPU.Build.0 = Release|Any CPU
		{0E2E9FCF-EBE6-4126-8603-BB837BFC94A5}.Debug|Any CPU.ActiveCfg = Debug|Any CPU
		{0E2E9FCF-EBE6-4126-8603-BB837BFC94A5}.Debug|Any CPU.Build.0 = Debug|Any CPU
		{0E2E9FCF-EBE6-4126-8603-BB837BFC94A5}.Release|Any CPU.ActiveCfg = Release|Any CPU
		{0E2E9FCF-EBE6-4126-8603-BB837BFC94A5}.Release|Any CPU.Build.0 = Release|Any CPU
		{D4CB765C-7791-4F20-998C-B0E1BDA70FCE}.Debug|Any CPU.ActiveCfg = Debug|Any CPU
		{D4CB765C-7791-4F20-998C-B0E1BDA70FCE}.Debug|Any CPU.Build.0 = Debug|Any CPU
		{D4CB765C-7791-4F20-998C-B0E1BDA70FCE}.Release|Any CPU.ActiveCfg = Release|Any CPU
		{D4CB765C-7791-4F20-998C-B0E1BDA70FCE}.Release|Any CPU.Build.0 = Release|Any CPU
		{D6D6B287-4003-4171-9966-CDBA50C4038C}.Debug|Any CPU.ActiveCfg = Debug|Any CPU
		{D6D6B287-4003-4171-9966-CDBA50C4038C}.Debug|Any CPU.Build.0 = Debug|Any CPU
		{D6D6B287-4003-4171-9966-CDBA50C4038C}.Release|Any CPU.ActiveCfg = Release|Any CPU
		{D6D6B287-4003-4171-9966-CDBA50C4038C}.Release|Any CPU.Build.0 = Release|Any CPU
		{A85DEEE0-E033-42B3-9B2E-2FA6969ADAD5}.Debug|Any CPU.ActiveCfg = Debug|Any CPU
		{A85DEEE0-E033-42B3-9B2E-2FA6969ADAD5}.Debug|Any CPU.Build.0 = Debug|Any CPU
		{A85DEEE0-E033-42B3-9B2E-2FA6969ADAD5}.Release|Any CPU.ActiveCfg = Release|Any CPU
		{A85DEEE0-E033-42B3-9B2E-2FA6969ADAD5}.Release|Any CPU.Build.0 = Release|Any CPU
		{EBAA1CEC-8CD4-4F24-AD75-8DEA0AE9D4F9}.Debug|Any CPU.ActiveCfg = Debug|Any CPU
		{EBAA1CEC-8CD4-4F24-AD75-8DEA0AE9D4F9}.Debug|Any CPU.Build.0 = Debug|Any CPU
		{EBAA1CEC-8CD4-4F24-AD75-8DEA0AE9D4F9}.Release|Any CPU.ActiveCfg = Release|Any CPU
		{EBAA1CEC-8CD4-4F24-AD75-8DEA0AE9D4F9}.Release|Any CPU.Build.0 = Release|Any CPU
		{BD69112C-8499-4DA1-9C8D-56CDB39FDECB}.Debug|Any CPU.ActiveCfg = Debug|Any CPU
		{BD69112C-8499-4DA1-9C8D-56CDB39FDECB}.Debug|Any CPU.Build.0 = Debug|Any CPU
		{BD69112C-8499-4DA1-9C8D-56CDB39FDECB}.Release|Any CPU.ActiveCfg = Release|Any CPU
		{BD69112C-8499-4DA1-9C8D-56CDB39FDECB}.Release|Any CPU.Build.0 = Release|Any CPU
		{629E6184-7157-43A3-9564-588C5015FAEB}.Debug|Any CPU.ActiveCfg = Debug|Any CPU
		{629E6184-7157-43A3-9564-588C5015FAEB}.Debug|Any CPU.Build.0 = Debug|Any CPU
		{629E6184-7157-43A3-9564-588C5015FAEB}.Release|Any CPU.ActiveCfg = Release|Any CPU
		{629E6184-7157-43A3-9564-588C5015FAEB}.Release|Any CPU.Build.0 = Release|Any CPU
		{1761D487-91EA-4C31-A6AE-D76294B691B2}.Debug|Any CPU.ActiveCfg = Debug|Any CPU
		{1761D487-91EA-4C31-A6AE-D76294B691B2}.Debug|Any CPU.Build.0 = Debug|Any CPU
		{1761D487-91EA-4C31-A6AE-D76294B691B2}.Release|Any CPU.ActiveCfg = Release|Any CPU
		{1761D487-91EA-4C31-A6AE-D76294B691B2}.Release|Any CPU.Build.0 = Release|Any CPU
		{E3B449BA-94B0-4FA0-8134-C8F4BC16B591}.Debug|Any CPU.ActiveCfg = Debug|Any CPU
		{E3B449BA-94B0-4FA0-8134-C8F4BC16B591}.Debug|Any CPU.Build.0 = Debug|Any CPU
		{E3B449BA-94B0-4FA0-8134-C8F4BC16B591}.Release|Any CPU.ActiveCfg = Release|Any CPU
		{E3B449BA-94B0-4FA0-8134-C8F4BC16B591}.Release|Any CPU.Build.0 = Release|Any CPU
		{5CAE0F0D-3908-45DA-A4BD-B3E583D59C25}.Debug|Any CPU.ActiveCfg = Debug|Any CPU
		{5CAE0F0D-3908-45DA-A4BD-B3E583D59C25}.Debug|Any CPU.Build.0 = Debug|Any CPU
		{5CAE0F0D-3908-45DA-A4BD-B3E583D59C25}.Release|Any CPU.ActiveCfg = Release|Any CPU
		{5CAE0F0D-3908-45DA-A4BD-B3E583D59C25}.Release|Any CPU.Build.0 = Release|Any CPU
		{44D58004-FAE4-418C-BA65-70E6550CE72B}.Debug|Any CPU.ActiveCfg = Debug|Any CPU
		{44D58004-FAE4-418C-BA65-70E6550CE72B}.Debug|Any CPU.Build.0 = Debug|Any CPU
		{44D58004-FAE4-418C-BA65-70E6550CE72B}.Release|Any CPU.ActiveCfg = Release|Any CPU
		{44D58004-FAE4-418C-BA65-70E6550CE72B}.Release|Any CPU.Build.0 = Release|Any CPU
		{A838232B-9D9D-4F55-95AD-B66B35474216}.Debug|Any CPU.ActiveCfg = Debug|Any CPU
		{A838232B-9D9D-4F55-95AD-B66B35474216}.Debug|Any CPU.Build.0 = Debug|Any CPU
		{A838232B-9D9D-4F55-95AD-B66B35474216}.Release|Any CPU.ActiveCfg = Release|Any CPU
		{A838232B-9D9D-4F55-95AD-B66B35474216}.Release|Any CPU.Build.0 = Release|Any CPU
		{A13CA14C-5891-4998-8914-F4EA3CF63A92}.Debug|Any CPU.ActiveCfg = Debug|Any CPU
		{A13CA14C-5891-4998-8914-F4EA3CF63A92}.Debug|Any CPU.Build.0 = Debug|Any CPU
		{A13CA14C-5891-4998-8914-F4EA3CF63A92}.Release|Any CPU.ActiveCfg = Release|Any CPU
		{A13CA14C-5891-4998-8914-F4EA3CF63A92}.Release|Any CPU.Build.0 = Release|Any CPU
	EndGlobalSection
	GlobalSection(SolutionProperties) = preSolution
		HideSolutionNode = FALSE
	EndGlobalSection
	GlobalSection(NestedProjects) = preSolution
		{33336B99-14AB-402B-BCF3-BFB2FA65594D} = {76A0ED33-0DA6-48F1-93F1-B43A2B2A178A}
		{D56D84A0-C2C8-4912-BB3C-04D5618B1EDE} = {76A0ED33-0DA6-48F1-93F1-B43A2B2A178A}
		{C7B7B8DC-93D9-496D-AEFE-6A0D511B5D99} = {76A0ED33-0DA6-48F1-93F1-B43A2B2A178A}
		{77E7231A-2464-4470-8A2B-D23D31F502B4} = {76A0ED33-0DA6-48F1-93F1-B43A2B2A178A}
		{48D44020-EB7E-4BC0-8419-974308CD4A70} = {D6BC0F68-EED9-4A20-9BBC-6F9A8348DEF8}
		{72876C06-AAFE-43B8-A261-4FE7C732B6F5} = {48D44020-EB7E-4BC0-8419-974308CD4A70}
		{BE19E6C8-47BC-48A0-8530-D186701C3A3A} = {48D44020-EB7E-4BC0-8419-974308CD4A70}
		{07E56919-B77A-4278-B2EE-10328D45B547} = {48D44020-EB7E-4BC0-8419-974308CD4A70}
		{BEF51245-1D7B-4F93-8337-94765D266DA4} = {D6BC0F68-EED9-4A20-9BBC-6F9A8348DEF8}
		{AC3BCD0E-5AD2-4A9E-920B-2C696FFA0446} = {D6BC0F68-EED9-4A20-9BBC-6F9A8348DEF8}
		{49EAC42D-4632-4054-9394-9362D9A49FA4} = {D6BC0F68-EED9-4A20-9BBC-6F9A8348DEF8}
		{0E2E9FCF-EBE6-4126-8603-BB837BFC94A5} = {BEF51245-1D7B-4F93-8337-94765D266DA4}
		{D4CB765C-7791-4F20-998C-B0E1BDA70FCE} = {BEF51245-1D7B-4F93-8337-94765D266DA4}
		{D6D6B287-4003-4171-9966-CDBA50C4038C} = {BEF51245-1D7B-4F93-8337-94765D266DA4}
		{B92C9740-C125-4B23-AF32-1EAC3A47CC36} = {2E86F31E-C4DC-4E4D-9F7C-88AE934BF4A5}
		{A2E4BB1F-5AD2-4203-AF9B-21014C67402E} = {2E86F31E-C4DC-4E4D-9F7C-88AE934BF4A5}
		{CE514026-2C30-415B-923A-292FE752F2E0} = {2E86F31E-C4DC-4E4D-9F7C-88AE934BF4A5}
		{A85DEEE0-E033-42B3-9B2E-2FA6969ADAD5} = {A2E4BB1F-5AD2-4203-AF9B-21014C67402E}
		{EBAA1CEC-8CD4-4F24-AD75-8DEA0AE9D4F9} = {A2E4BB1F-5AD2-4203-AF9B-21014C67402E}
		{BD69112C-8499-4DA1-9C8D-56CDB39FDECB} = {A2E4BB1F-5AD2-4203-AF9B-21014C67402E}
		{629E6184-7157-43A3-9564-588C5015FAEB} = {B92C9740-C125-4B23-AF32-1EAC3A47CC36}
		{1761D487-91EA-4C31-A6AE-D76294B691B2} = {B92C9740-C125-4B23-AF32-1EAC3A47CC36}
		{E3B449BA-94B0-4FA0-8134-C8F4BC16B591} = {B92C9740-C125-4B23-AF32-1EAC3A47CC36}
		{5CAE0F0D-3908-45DA-A4BD-B3E583D59C25} = {CE514026-2C30-415B-923A-292FE752F2E0}
		{44D58004-FAE4-418C-BA65-70E6550CE72B} = {CE514026-2C30-415B-923A-292FE752F2E0}
		{A838232B-9D9D-4F55-95AD-B66B35474216} = {CE514026-2C30-415B-923A-292FE752F2E0}
		{A13CA14C-5891-4998-8914-F4EA3CF63A92} = {FD24E893-2DB2-40E0-822D-48821AE5A8BB}
	EndGlobalSection
	GlobalSection(ExtensibilityGlobals) = postSolution
		SolutionGuid = {8EE6B471-0F9E-4BC9-80E1-2591688EEEA4}
	EndGlobalSection
EndGlobal
